// !$*UTF8*$!
{
	archiveVersion = 1;
	classes = {
	};
	objectVersion = 50;
	objects = {

/* Begin PBXBuildFile section */
		5C93206A24192846008C7C0C /* AppDelegate.swift in Sources */ = {isa = PBXBuildFile; fileRef = 5C93206924192846008C7C0C /* AppDelegate.swift */; };
		5C93206E24192846008C7C0C /* ViewController.swift in Sources */ = {isa = PBXBuildFile; fileRef = 5C93206D24192846008C7C0C /* ViewController.swift */; };
		5C93207124192846008C7C0C /* Main.storyboard in Resources */ = {isa = PBXBuildFile; fileRef = 5C93206F24192846008C7C0C /* Main.storyboard */; };
		5C93207324192849008C7C0C /* Assets.xcassets in Resources */ = {isa = PBXBuildFile; fileRef = 5C93207224192849008C7C0C /* Assets.xcassets */; };
		5C93207624192849008C7C0C /* LaunchScreen.storyboard in Resources */ = {isa = PBXBuildFile; fileRef = 5C93207424192849008C7C0C /* LaunchScreen.storyboard */; };
		5C9320812419284A008C7C0C /* WebView_PilotTests.swift in Sources */ = {isa = PBXBuildFile; fileRef = 5C9320802419284A008C7C0C /* WebView_PilotTests.swift */; };
		5C93208C2419284A008C7C0C /* WebView_PilotUITests.swift in Sources */ = {isa = PBXBuildFile; fileRef = 5C93208B2419284A008C7C0C /* WebView_PilotUITests.swift */; };
/* End PBXBuildFile section */

/* Begin PBXContainerItemProxy section */
		5C93207D2419284A008C7C0C /* PBXContainerItemProxy */ = {
			isa = PBXContainerItemProxy;
			containerPortal = 5C93205E24192846008C7C0C /* Project object */;
			proxyType = 1;
			remoteGlobalIDString = 5C93206524192846008C7C0C;
			remoteInfo = "WebView-Pilot";
		};
		5C9320882419284A008C7C0C /* PBXContainerItemProxy */ = {
			isa = PBXContainerItemProxy;
			containerPortal = 5C93205E24192846008C7C0C /* Project object */;
			proxyType = 1;
			remoteGlobalIDString = 5C93206524192846008C7C0C;
			remoteInfo = "WebView-Pilot";
		};
/* End PBXContainerItemProxy section */

/* Begin PBXFileReference section */
		5C93206624192846008C7C0C /* WebView-Pilot.app */ = {isa = PBXFileReference; explicitFileType = wrapper.application; includeInIndex = 0; path = "WebView-Pilot.app"; sourceTree = BUILT_PRODUCTS_DIR; };
		5C93206924192846008C7C0C /* AppDelegate.swift */ = {isa = PBXFileReference; lastKnownFileType = sourcecode.swift; path = AppDelegate.swift; sourceTree = "<group>"; };
		5C93206D24192846008C7C0C /* ViewController.swift */ = {isa = PBXFileReference; lastKnownFileType = sourcecode.swift; path = ViewController.swift; sourceTree = "<group>"; };
		5C93207024192846008C7C0C /* Base */ = {isa = PBXFileReference; lastKnownFileType = file.storyboard; name = Base; path = Base.lproj/Main.storyboard; sourceTree = "<group>"; };
		5C93207224192849008C7C0C /* Assets.xcassets */ = {isa = PBXFileReference; lastKnownFileType = folder.assetcatalog; path = Assets.xcassets; sourceTree = "<group>"; };
		5C93207524192849008C7C0C /* Base */ = {isa = PBXFileReference; lastKnownFileType = file.storyboard; name = Base; path = Base.lproj/LaunchScreen.storyboard; sourceTree = "<group>"; };
		5C93207724192849008C7C0C /* Info.plist */ = {isa = PBXFileReference; lastKnownFileType = text.plist.xml; path = Info.plist; sourceTree = "<group>"; };
		5C93207C2419284A008C7C0C /* WebView-PilotTests.xctest */ = {isa = PBXFileReference; explicitFileType = wrapper.cfbundle; includeInIndex = 0; path = "WebView-PilotTests.xctest"; sourceTree = BUILT_PRODUCTS_DIR; };
		5C9320802419284A008C7C0C /* WebView_PilotTests.swift */ = {isa = PBXFileReference; lastKnownFileType = sourcecode.swift; path = WebView_PilotTests.swift; sourceTree = "<group>"; };
		5C9320822419284A008C7C0C /* Info.plist */ = {isa = PBXFileReference; lastKnownFileType = text.plist.xml; path = Info.plist; sourceTree = "<group>"; };
		5C9320872419284A008C7C0C /* WebView-PilotUITests.xctest */ = {isa = PBXFileReference; explicitFileType = wrapper.cfbundle; includeInIndex = 0; path = "WebView-PilotUITests.xctest"; sourceTree = BUILT_PRODUCTS_DIR; };
		5C93208B2419284A008C7C0C /* WebView_PilotUITests.swift */ = {isa = PBXFileReference; lastKnownFileType = sourcecode.swift; path = WebView_PilotUITests.swift; sourceTree = "<group>"; };
		5C93208D2419284A008C7C0C /* Info.plist */ = {isa = PBXFileReference; lastKnownFileType = text.plist.xml; path = Info.plist; sourceTree = "<group>"; };
/* End PBXFileReference section */

/* Begin PBXFrameworksBuildPhase section */
		5C93206324192846008C7C0C /* Frameworks */ = {
			isa = PBXFrameworksBuildPhase;
			buildActionMask = 2147483647;
			files = (
			);
			runOnlyForDeploymentPostprocessing = 0;
		};
		5C9320792419284A008C7C0C /* Frameworks */ = {
			isa = PBXFrameworksBuildPhase;
			buildActionMask = 2147483647;
			files = (
			);
			runOnlyForDeploymentPostprocessing = 0;
		};
		5C9320842419284A008C7C0C /* Frameworks */ = {
			isa = PBXFrameworksBuildPhase;
			buildActionMask = 2147483647;
			files = (
			);
			runOnlyForDeploymentPostprocessing = 0;
		};
/* End PBXFrameworksBuildPhase section */

/* Begin PBXGroup section */
		5C93205D24192846008C7C0C = {
			isa = PBXGroup;
			children = (
				5C93206824192846008C7C0C /* WebView-Pilot */,
				5C93207F2419284A008C7C0C /* WebView-PilotTests */,
				5C93208A2419284A008C7C0C /* WebView-PilotUITests */,
				5C93206724192846008C7C0C /* Products */,
			);
			sourceTree = "<group>";
		};
		5C93206724192846008C7C0C /* Products */ = {
			isa = PBXGroup;
			children = (
				5C93206624192846008C7C0C /* WebView-Pilot.app */,
				5C93207C2419284A008C7C0C /* WebView-PilotTests.xctest */,
				5C9320872419284A008C7C0C /* WebView-PilotUITests.xctest */,
			);
			name = Products;
			sourceTree = "<group>";
		};
		5C93206824192846008C7C0C /* WebView-Pilot */ = {
			isa = PBXGroup;
			children = (
				5C93206924192846008C7C0C /* AppDelegate.swift */,
				5C93206D24192846008C7C0C /* ViewController.swift */,
				5C93206F24192846008C7C0C /* Main.storyboard */,
				5C93207224192849008C7C0C /* Assets.xcassets */,
				5C93207424192849008C7C0C /* LaunchScreen.storyboard */,
				5C93207724192849008C7C0C /* Info.plist */,
			);
			path = "WebView-Pilot";
			sourceTree = "<group>";
		};
		5C93207F2419284A008C7C0C /* WebView-PilotTests */ = {
			isa = PBXGroup;
			children = (
				5C9320802419284A008C7C0C /* WebView_PilotTests.swift */,
				5C9320822419284A008C7C0C /* Info.plist */,
			);
			path = "WebView-PilotTests";
			sourceTree = "<group>";
		};
		5C93208A2419284A008C7C0C /* WebView-PilotUITests */ = {
			isa = PBXGroup;
			children = (
				5C93208B2419284A008C7C0C /* WebView_PilotUITests.swift */,
				5C93208D2419284A008C7C0C /* Info.plist */,
			);
			path = "WebView-PilotUITests";
			sourceTree = "<group>";
		};
/* End PBXGroup section */

/* Begin PBXNativeTarget section */
		5C93206524192846008C7C0C /* WebView-Pilot */ = {
			isa = PBXNativeTarget;
			buildConfigurationList = 5C9320902419284A008C7C0C /* Build configuration list for PBXNativeTarget "WebView-Pilot" */;
			buildPhases = (
				5C93206224192846008C7C0C /* Sources */,
				5C93206324192846008C7C0C /* Frameworks */,
				5C93206424192846008C7C0C /* Resources */,
			);
			buildRules = (
			);
			dependencies = (
			);
			name = "WebView-Pilot";
			productName = "WebView-Pilot";
			productReference = 5C93206624192846008C7C0C /* WebView-Pilot.app */;
			productType = "com.apple.product-type.application";
		};
		5C93207B2419284A008C7C0C /* WebView-PilotTests */ = {
			isa = PBXNativeTarget;
			buildConfigurationList = 5C9320932419284A008C7C0C /* Build configuration list for PBXNativeTarget "WebView-PilotTests" */;
			buildPhases = (
				5C9320782419284A008C7C0C /* Sources */,
				5C9320792419284A008C7C0C /* Frameworks */,
				5C93207A2419284A008C7C0C /* Resources */,
			);
			buildRules = (
			);
			dependencies = (
				5C93207E2419284A008C7C0C /* PBXTargetDependency */,
			);
			name = "WebView-PilotTests";
			productName = "WebView-PilotTests";
			productReference = 5C93207C2419284A008C7C0C /* WebView-PilotTests.xctest */;
			productType = "com.apple.product-type.bundle.unit-test";
		};
		5C9320862419284A008C7C0C /* WebView-PilotUITests */ = {
			isa = PBXNativeTarget;
			buildConfigurationList = 5C9320962419284A008C7C0C /* Build configuration list for PBXNativeTarget "WebView-PilotUITests" */;
			buildPhases = (
				5C9320832419284A008C7C0C /* Sources */,
				5C9320842419284A008C7C0C /* Frameworks */,
				5C9320852419284A008C7C0C /* Resources */,
			);
			buildRules = (
			);
			dependencies = (
				5C9320892419284A008C7C0C /* PBXTargetDependency */,
			);
			name = "WebView-PilotUITests";
			productName = "WebView-PilotUITests";
			productReference = 5C9320872419284A008C7C0C /* WebView-PilotUITests.xctest */;
			productType = "com.apple.product-type.bundle.ui-testing";
		};
/* End PBXNativeTarget section */

/* Begin PBXProject section */
		5C93205E24192846008C7C0C /* Project object */ = {
			isa = PBXProject;
			attributes = {
				LastSwiftUpdateCheck = 1130;
				LastUpgradeCheck = 1130;
				ORGANIZATIONNAME = "Bernadette Theuretzbachner";
				TargetAttributes = {
					5C93206524192846008C7C0C = {
						CreatedOnToolsVersion = 11.3.1;
					};
					5C93207B2419284A008C7C0C = {
						CreatedOnToolsVersion = 11.3.1;
						TestTargetID = 5C93206524192846008C7C0C;
					};
					5C9320862419284A008C7C0C = {
						CreatedOnToolsVersion = 11.3.1;
						TestTargetID = 5C93206524192846008C7C0C;
					};
				};
			};
			buildConfigurationList = 5C93206124192846008C7C0C /* Build configuration list for PBXProject "WebView-Pilot" */;
			compatibilityVersion = "Xcode 9.3";
			developmentRegion = en;
			hasScannedForEncodings = 0;
			knownRegions = (
				en,
				Base,
			);
			mainGroup = 5C93205D24192846008C7C0C;
			productRefGroup = 5C93206724192846008C7C0C /* Products */;
			projectDirPath = "";
			projectRoot = "";
			targets = (
				5C93206524192846008C7C0C /* WebView-Pilot */,
				5C93207B2419284A008C7C0C /* WebView-PilotTests */,
				5C9320862419284A008C7C0C /* WebView-PilotUITests */,
			);
		};
/* End PBXProject section */

/* Begin PBXResourcesBuildPhase section */
		5C93206424192846008C7C0C /* Resources */ = {
			isa = PBXResourcesBuildPhase;
			buildActionMask = 2147483647;
			files = (
				5C93207624192849008C7C0C /* LaunchScreen.storyboard in Resources */,
				5C93207324192849008C7C0C /* Assets.xcassets in Resources */,
				5C93207124192846008C7C0C /* Main.storyboard in Resources */,
			);
			runOnlyForDeploymentPostprocessing = 0;
		};
		5C93207A2419284A008C7C0C /* Resources */ = {
			isa = PBXResourcesBuildPhase;
			buildActionMask = 2147483647;
			files = (
			);
			runOnlyForDeploymentPostprocessing = 0;
		};
		5C9320852419284A008C7C0C /* Resources */ = {
			isa = PBXResourcesBuildPhase;
			buildActionMask = 2147483647;
			files = (
			);
			runOnlyForDeploymentPostprocessing = 0;
		};
/* End PBXResourcesBuildPhase section */

/* Begin PBXSourcesBuildPhase section */
		5C93206224192846008C7C0C /* Sources */ = {
			isa = PBXSourcesBuildPhase;
			buildActionMask = 2147483647;
			files = (
				5C93206E24192846008C7C0C /* ViewController.swift in Sources */,
				5C93206A24192846008C7C0C /* AppDelegate.swift in Sources */,
			);
			runOnlyForDeploymentPostprocessing = 0;
		};
		5C9320782419284A008C7C0C /* Sources */ = {
			isa = PBXSourcesBuildPhase;
			buildActionMask = 2147483647;
			files = (
				5C9320812419284A008C7C0C /* WebView_PilotTests.swift in Sources */,
			);
			runOnlyForDeploymentPostprocessing = 0;
		};
		5C9320832419284A008C7C0C /* Sources */ = {
			isa = PBXSourcesBuildPhase;
			buildActionMask = 2147483647;
			files = (
				5C93208C2419284A008C7C0C /* WebView_PilotUITests.swift in Sources */,
			);
			runOnlyForDeploymentPostprocessing = 0;
		};
/* End PBXSourcesBuildPhase section */

/* Begin PBXTargetDependency section */
		5C93207E2419284A008C7C0C /* PBXTargetDependency */ = {
			isa = PBXTargetDependency;
			target = 5C93206524192846008C7C0C /* WebView-Pilot */;
			targetProxy = 5C93207D2419284A008C7C0C /* PBXContainerItemProxy */;
		};
		5C9320892419284A008C7C0C /* PBXTargetDependency */ = {
			isa = PBXTargetDependency;
			target = 5C93206524192846008C7C0C /* WebView-Pilot */;
			targetProxy = 5C9320882419284A008C7C0C /* PBXContainerItemProxy */;
		};
/* End PBXTargetDependency section */

/* Begin PBXVariantGroup section */
		5C93206F24192846008C7C0C /* Main.storyboard */ = {
			isa = PBXVariantGroup;
			children = (
				5C93207024192846008C7C0C /* Base */,
			);
			name = Main.storyboard;
			sourceTree = "<group>";
		};
		5C93207424192849008C7C0C /* LaunchScreen.storyboard */ = {
			isa = PBXVariantGroup;
			children = (
				5C93207524192849008C7C0C /* Base */,
			);
			name = LaunchScreen.storyboard;
			sourceTree = "<group>";
		};
/* End PBXVariantGroup section */

/* Begin XCBuildConfiguration section */
		5C93208E2419284A008C7C0C /* Debug */ = {
			isa = XCBuildConfiguration;
			buildSettings = {
				ALWAYS_SEARCH_USER_PATHS = NO;
				CLANG_ANALYZER_NONNULL = YES;
				CLANG_ANALYZER_NUMBER_OBJECT_CONVERSION = YES_AGGRESSIVE;
				CLANG_CXX_LANGUAGE_STANDARD = "gnu++14";
				CLANG_CXX_LIBRARY = "libc++";
				CLANG_ENABLE_MODULES = YES;
				CLANG_ENABLE_OBJC_ARC = YES;
				CLANG_ENABLE_OBJC_WEAK = YES;
				CLANG_WARN_BLOCK_CAPTURE_AUTORELEASING = YES;
				CLANG_WARN_BOOL_CONVERSION = YES;
				CLANG_WARN_COMMA = YES;
				CLANG_WARN_CONSTANT_CONVERSION = YES;
				CLANG_WARN_DEPRECATED_OBJC_IMPLEMENTATIONS = YES;
				CLANG_WARN_DIRECT_OBJC_ISA_USAGE = YES_ERROR;
				CLANG_WARN_DOCUMENTATION_COMMENTS = YES;
				CLANG_WARN_EMPTY_BODY = YES;
				CLANG_WARN_ENUM_CONVERSION = YES;
				CLANG_WARN_INFINITE_RECURSION = YES;
				CLANG_WARN_INT_CONVERSION = YES;
				CLANG_WARN_NON_LITERAL_NULL_CONVERSION = YES;
				CLANG_WARN_OBJC_IMPLICIT_RETAIN_SELF = YES;
				CLANG_WARN_OBJC_LITERAL_CONVERSION = YES;
				CLANG_WARN_OBJC_ROOT_CLASS = YES_ERROR;
				CLANG_WARN_RANGE_LOOP_ANALYSIS = YES;
				CLANG_WARN_STRICT_PROTOTYPES = YES;
				CLANG_WARN_SUSPICIOUS_MOVE = YES;
				CLANG_WARN_UNGUARDED_AVAILABILITY = YES_AGGRESSIVE;
				CLANG_WARN_UNREACHABLE_CODE = YES;
				CLANG_WARN__DUPLICATE_METHOD_MATCH = YES;
				COPY_PHASE_STRIP = NO;
				DEBUG_INFORMATION_FORMAT = dwarf;
				ENABLE_STRICT_OBJC_MSGSEND = YES;
				ENABLE_TESTABILITY = YES;
				GCC_C_LANGUAGE_STANDARD = gnu11;
				GCC_DYNAMIC_NO_PIC = NO;
				GCC_NO_COMMON_BLOCKS = YES;
				GCC_OPTIMIZATION_LEVEL = 0;
				GCC_PREPROCESSOR_DEFINITIONS = (
					"DEBUG=1",
					"$(inherited)",
				);
				GCC_WARN_64_TO_32_BIT_CONVERSION = YES;
				GCC_WARN_ABOUT_RETURN_TYPE = YES_ERROR;
				GCC_WARN_UNDECLARED_SELECTOR = YES;
				GCC_WARN_UNINITIALIZED_AUTOS = YES_AGGRESSIVE;
				GCC_WARN_UNUSED_FUNCTION = YES;
				GCC_WARN_UNUSED_VARIABLE = YES;
				IPHONEOS_DEPLOYMENT_TARGET = 13.2;
				MTL_ENABLE_DEBUG_INFO = INCLUDE_SOURCE;
				MTL_FAST_MATH = YES;
				ONLY_ACTIVE_ARCH = YES;
				SDKROOT = iphoneos;
				SWIFT_ACTIVE_COMPILATION_CONDITIONS = DEBUG;
				SWIFT_OPTIMIZATION_LEVEL = "-Onone";
			};
			name = Debug;
		};
		5C93208F2419284A008C7C0C /* Release */ = {
			isa = XCBuildConfiguration;
			buildSettings = {
				ALWAYS_SEARCH_USER_PATHS = NO;
				CLANG_ANALYZER_NONNULL = YES;
				CLANG_ANALYZER_NUMBER_OBJECT_CONVERSION = YES_AGGRESSIVE;
				CLANG_CXX_LANGUAGE_STANDARD = "gnu++14";
				CLANG_CXX_LIBRARY = "libc++";
				CLANG_ENABLE_MODULES = YES;
				CLANG_ENABLE_OBJC_ARC = YES;
				CLANG_ENABLE_OBJC_WEAK = YES;
				CLANG_WARN_BLOCK_CAPTURE_AUTORELEASING = YES;
				CLANG_WARN_BOOL_CONVERSION = YES;
				CLANG_WARN_COMMA = YES;
				CLANG_WARN_CONSTANT_CONVERSION = YES;
				CLANG_WARN_DEPRECATED_OBJC_IMPLEMENTATIONS = YES;
				CLANG_WARN_DIRECT_OBJC_ISA_USAGE = YES_ERROR;
				CLANG_WARN_DOCUMENTATION_COMMENTS = YES;
				CLANG_WARN_EMPTY_BODY = YES;
				CLANG_WARN_ENUM_CONVERSION = YES;
				CLANG_WARN_INFINITE_RECURSION = YES;
				CLANG_WARN_INT_CONVERSION = YES;
				CLANG_WARN_NON_LITERAL_NULL_CONVERSION = YES;
				CLANG_WARN_OBJC_IMPLICIT_RETAIN_SELF = YES;
				CLANG_WARN_OBJC_LITERAL_CONVERSION = YES;
				CLANG_WARN_OBJC_ROOT_CLASS = YES_ERROR;
				CLANG_WARN_RANGE_LOOP_ANALYSIS = YES;
				CLANG_WARN_STRICT_PROTOTYPES = YES;
				CLANG_WARN_SUSPICIOUS_MOVE = YES;
				CLANG_WARN_UNGUARDED_AVAILABILITY = YES_AGGRESSIVE;
				CLANG_WARN_UNREACHABLE_CODE = YES;
				CLANG_WARN__DUPLICATE_METHOD_MATCH = YES;
				COPY_PHASE_STRIP = NO;
				DEBUG_INFORMATION_FORMAT = "dwarf-with-dsym";
				ENABLE_NS_ASSERTIONS = NO;
				ENABLE_STRICT_OBJC_MSGSEND = YES;
				GCC_C_LANGUAGE_STANDARD = gnu11;
				GCC_NO_COMMON_BLOCKS = YES;
				GCC_WARN_64_TO_32_BIT_CONVERSION = YES;
				GCC_WARN_ABOUT_RETURN_TYPE = YES_ERROR;
				GCC_WARN_UNDECLARED_SELECTOR = YES;
				GCC_WARN_UNINITIALIZED_AUTOS = YES_AGGRESSIVE;
				GCC_WARN_UNUSED_FUNCTION = YES;
				GCC_WARN_UNUSED_VARIABLE = YES;
				IPHONEOS_DEPLOYMENT_TARGET = 13.2;
				MTL_ENABLE_DEBUG_INFO = NO;
				MTL_FAST_MATH = YES;
				SDKROOT = iphoneos;
				SWIFT_COMPILATION_MODE = wholemodule;
				SWIFT_OPTIMIZATION_LEVEL = "-O";
				VALIDATE_PRODUCT = YES;
			};
			name = Release;
		};
		5C9320912419284A008C7C0C /* Debug */ = {
			isa = XCBuildConfiguration;
			buildSettings = {
				ASSETCATALOG_COMPILER_APPICON_NAME = AppIcon;
				CODE_SIGN_IDENTITY = "iPhone Developer";
				CODE_SIGN_STYLE = Manual;
				DEVELOPMENT_TEAM = JC7JKY534B;
				INFOPLIST_FILE = "WebView-Pilot/Info.plist";
				IPHONEOS_DEPLOYMENT_TARGET = 12.0;
				LD_RUNPATH_SEARCH_PATHS = (
					"$(inherited)",
					"@executable_path/Frameworks",
				);
				PRODUCT_BUNDLE_IDENTIFIER = "com.jumio.WebView-Pilot";
				PRODUCT_NAME = "$(TARGET_NAME)";
				PROVISIONING_PROFILE_SPECIFIER = JumioDevelopmentEnterprise;
				SWIFT_VERSION = 5.0;
				TARGETED_DEVICE_FAMILY = "1,2";
			};
			name = Debug;
		};
		5C9320922419284A008C7C0C /* Release */ = {
			isa = XCBuildConfiguration;
			buildSettings = {
				ASSETCATALOG_COMPILER_APPICON_NAME = AppIcon;
				CODE_SIGN_IDENTITY = "iPhone Developer";
				CODE_SIGN_STYLE = Manual;
				DEVELOPMENT_TEAM = JC7JKY534B;
				INFOPLIST_FILE = "WebView-Pilot/Info.plist";
				IPHONEOS_DEPLOYMENT_TARGET = 12.0;
				LD_RUNPATH_SEARCH_PATHS = (
					"$(inherited)",
					"@executable_path/Frameworks",
				);
				PRODUCT_BUNDLE_IDENTIFIER = "com.jumio.WebView-Pilot";
				PRODUCT_NAME = "$(TARGET_NAME)";
				PROVISIONING_PROFILE_SPECIFIER = JumioDevelopmentEnterprise;
				SWIFT_VERSION = 5.0;
				TARGETED_DEVICE_FAMILY = "1,2";
			};
			name = Release;
		};
		5C9320942419284A008C7C0C /* Debug */ = {
			isa = XCBuildConfiguration;
			buildSettings = {
				ALWAYS_EMBED_SWIFT_STANDARD_LIBRARIES = YES;
				BUNDLE_LOADER = "$(TEST_HOST)";
				CODE_SIGN_STYLE = Automatic;
				INFOPLIST_FILE = "WebView-PilotTests/Info.plist";
				IPHONEOS_DEPLOYMENT_TARGET = 13.2;
				LD_RUNPATH_SEARCH_PATHS = (
					"$(inherited)",
					"@executable_path/Frameworks",
					"@loader_path/Frameworks",
				);
				PRODUCT_BUNDLE_IDENTIFIER = "com.jumio.WebView-PilotTests";
				PRODUCT_NAME = "$(TARGET_NAME)";
				SWIFT_VERSION = 5.0;
				TARGETED_DEVICE_FAMILY = "1,2";
				TEST_HOST = "$(BUILT_PRODUCTS_DIR)/WebView-Pilot.app/WebView-Pilot";
			};
			name = Debug;
		};
		5C9320952419284A008C7C0C /* Release */ = {
			isa = XCBuildConfiguration;
			buildSettings = {
				ALWAYS_EMBED_SWIFT_STANDARD_LIBRARIES = YES;
				BUNDLE_LOADER = "$(TEST_HOST)";
				CODE_SIGN_STYLE = Automatic;
				INFOPLIST_FILE = "WebView-PilotTests/Info.plist";
				IPHONEOS_DEPLOYMENT_TARGET = 13.2;
				LD_RUNPATH_SEARCH_PATHS = (
					"$(inherited)",
					"@executable_path/Frameworks",
					"@loader_path/Frameworks",
				);
				PRODUCT_BUNDLE_IDENTIFIER = "com.jumio.WebView-PilotTests";
				PRODUCT_NAME = "$(TARGET_NAME)";
				SWIFT_VERSION = 5.0;
				TARGETED_DEVICE_FAMILY = "1,2";
				TEST_HOST = "$(BUILT_PRODUCTS_DIR)/WebView-Pilot.app/WebView-Pilot";
			};
			name = Release;
		};
		5C9320972419284A008C7C0C /* Debug */ = {
			isa = XCBuildConfiguration;
			buildSettings = {
				ALWAYS_EMBED_SWIFT_STANDARD_LIBRARIES = YES;
				CODE_SIGN_STYLE = Automatic;
				INFOPLIST_FILE = "WebView-PilotUITests/Info.plist";
				LD_RUNPATH_SEARCH_PATHS = (
					"$(inherited)",
					"@executable_path/Frameworks",
					"@loader_path/Frameworks",
				);
				PRODUCT_BUNDLE_IDENTIFIER = "com.jumio.WebView-PilotUITests";
				PRODUCT_NAME = "$(TARGET_NAME)";
				SWIFT_VERSION = 5.0;
				TARGETED_DEVICE_FAMILY = "1,2";
				TEST_TARGET_NAME = "WebView-Pilot";
			};
			name = Debug;
		};
		5C9320982419284A008C7C0C /* Release */ = {
			isa = XCBuildConfiguration;
			buildSettings = {
				ALWAYS_EMBED_SWIFT_STANDARD_LIBRARIES = YES;
				CODE_SIGN_STYLE = Automatic;
				INFOPLIST_FILE = "WebView-PilotUITests/Info.plist";
				LD_RUNPATH_SEARCH_PATHS = (
					"$(inherited)",
					"@executable_path/Frameworks",
					"@loader_path/Frameworks",
				);
				PRODUCT_BUNDLE_IDENTIFIER = "com.jumio.WebView-PilotUITests";
				PRODUCT_NAME = "$(TARGET_NAME)";
				SWIFT_VERSION = 5.0;
				TARGETED_DEVICE_FAMILY = "1,2";
				TEST_TARGET_NAME = "WebView-Pilot";
			};
			name = Release;
		};
/* End XCBuildConfiguration section */

/* Begin XCConfigurationList section */
		5C93206124192846008C7C0C /* Build configuration list for PBXProject "WebView-Pilot" */ = {
			isa = XCConfigurationList;
			buildConfigurations = (
				5C93208E2419284A008C7C0C /* Debug */,
				5C93208F2419284A008C7C0C /* Release */,
			);
			defaultConfigurationIsVisible = 0;
			defaultConfigurationName = Release;
		};
		5C9320902419284A008C7C0C /* Build configuration list for PBXNativeTarget "WebView-Pilot" */ = {
			isa = XCConfigurationList;
			buildConfigurations = (
				5C9320912419284A008C7C0C /* Debug */,
				5C9320922419284A008C7C0C /* Release */,
			);
			defaultConfigurationIsVisible = 0;
			defaultConfigurationName = Release;
		};
		5C9320932419284A008C7C0C /* Build configuration list for PBXNativeTarget "WebView-PilotTests" */ = {
			isa = XCConfigurationList;
			buildConfigurations = (
				5C9320942419284A008C7C0C /* Debug */,
				5C9320952419284A008C7C0C /* Release */,
			);
			defaultConfigurationIsVisible = 0;
			defaultConfigurationName = Release;
		};
		5C9320962419284A008C7C0C /* Build configuration list for PBXNativeTarget "WebView-PilotUITests" */ = {
			isa = XCConfigurationList;
			buildConfigurations = (
				5C9320972419284A008C7C0C /* Debug */,
				5C9320982419284A008C7C0C /* Release */,
			);
			defaultConfigurationIsVisible = 0;
			defaultConfigurationName = Release;
		};
/* End XCConfigurationList section */
	};
	rootObject = 5C93205E24192846008C7C0C /* Project object */;
}
